{
  "version": 4,
  "terraform_version": "1.9.2",
  "serial": 3,
  "lineage": "90d80cde-0757-2ab6-4e31-7c5cfb6b42b4",
  "outputs": {},
  "resources": [
    {
      "mode": "managed",
      "type": "aws_vpc",
      "name": "terraformvpc",
      "provider": "provider[\"registry.terraform.io/hashicorp/aws\"]",
      "instances": [
        {
          "schema_version": 1,
          "attributes": {
            "arn": "arn:aws:ec2:ap-south-1:007240141293:vpc/vpc-095460e4bc30e323d",
            "assign_generated_ipv6_cidr_block": false,
            "cidr_block": "192.168.0.0/24",
            "default_network_acl_id": "acl-03d9cf0987a06273a",
            "default_route_table_id": "rtb-0f12450f7bf22ab80",
            "default_security_group_id": "sg-04e2686c616dd4099",
            "dhcp_options_id": "dopt-0d67563199ac8cc96",
            "enable_dns_hostnames": false,
            "enable_dns_support": true,
            "enable_network_address_usage_metrics": false,
            "id": "vpc-095460e4bc30e323d",
            "instance_tenancy": "default",
            "ipv4_ipam_pool_id": null,
            "ipv4_netmask_length": null,
            "ipv6_association_id": "",
            "ipv6_cidr_block": "",
            "ipv6_cidr_block_network_border_group": "",
            "ipv6_ipam_pool_id": "",
            "ipv6_netmask_length": 0,
            "main_route_table_id": "rtb-0f12450f7bf22ab80",
            "owner_id": "007240141293",
            "tags": {
              "Name": "TerraformVPC"
            },
            "tags_all": {
              "Name": "TerraformVPC"
            }
          },
          "sensitive_attributes": [],
          "private": "eyJzY2hlbWFfdmVyc2lvbiI6IjEifQ=="
        }
      ]
    }
  ],
  "check_results": null
}
